// !$*UTF8*$!
{
	archiveVersion = 1;
	classes = {
	};
	objectVersion = 77;
	objects = {

/* Begin PBXBuildFile section */
		F755BC552E53CA6F00B4806C /* ContentView.swift in Sources */ = {isa = PBXBuildFile; fileRef = F755BC522E53CA6F00B4806C /* ContentView.swift */; };
		F755BC562E53CA6F00B4806C /* PipDemoApp.swift in Sources */ = {isa = PBXBuildFile; fileRef = F755BC532E53CA6F00B4806C /* PipDemoApp.swift */; };
		F755BC572E53CA6F00B4806C /* Assets.xcassets in Resources */ = {isa = PBXBuildFile; fileRef = F755BC512E53CA6F00B4806C /* Assets.xcassets */; };
		F755BC5D2E53CACD00B4806C /* pexels-waves.mp4 in Resources */ = {isa = PBXBuildFile; fileRef = F755BC5C2E53CACD00B4806C /* pexels-waves.mp4 */; };
		F755BC5F2E53CAD500B4806C /* LoremIpsum.txt in Resources */ = {isa = PBXBuildFile; fileRef = F755BC5E2E53CAD500B4806C /* LoremIpsum.txt */; };
		F755BC632E53CBFC00B4806C /* ViewModel.swift in Sources */ = {isa = PBXBuildFile; fileRef = F755BC622E53CBFC00B4806C /* ViewModel.swift */; };
/* End PBXBuildFile section */

/* Begin PBXFileReference section */
		F755BC3D2E53C8EF00B4806C /* PipDemo.app */ = {isa = PBXFileReference; explicitFileType = wrapper.application; includeInIndex = 0; path = PipDemo.app; sourceTree = BUILT_PRODUCTS_DIR; };
		F755BC512E53CA6F00B4806C /* Assets.xcassets */ = {isa = PBXFileReference; lastKnownFileType = folder.assetcatalog; path = Assets.xcassets; sourceTree = "<group>"; };
		F755BC522E53CA6F00B4806C /* ContentView.swift */ = {isa = PBXFileReference; lastKnownFileType = sourcecode.swift; path = ContentView.swift; sourceTree = "<group>"; };
		F755BC532E53CA6F00B4806C /* PipDemoApp.swift */ = {isa = PBXFileReference; lastKnownFileType = sourcecode.swift; path = PipDemoApp.swift; sourceTree = "<group>"; };
		F755BC5C2E53CACD00B4806C /* pexels-waves.mp4 */ = {isa = PBXFileReference; lastKnownFileType = file; path = "pexels-waves.mp4"; sourceTree = "<group>"; };
		F755BC5E2E53CAD500B4806C /* LoremIpsum.txt */ = {isa = PBXFileReference; lastKnownFileType = text; path = LoremIpsum.txt; sourceTree = "<group>"; };
		F755BC622E53CBFC00B4806C /* ViewModel.swift */ = {isa = PBXFileReference; lastKnownFileType = sourcecode.swift; path = ViewModel.swift; sourceTree = "<group>"; };
/* End PBXFileReference section */

/* Begin PBXFrameworksBuildPhase section */
		F755BC3A2E53C8EF00B4806C /* Frameworks */ = {
			isa = PBXFrameworksBuildPhase;
			buildActionMask = 2147483647;
			files = (
			);
			runOnlyForDeploymentPostprocessing = 0;
		};
/* End PBXFrameworksBuildPhase section */

/* Begin PBXGroup section */
		F755BC342E53C8EF00B4806C = {
			isa = PBXGroup;
			children = (
				F755BC542E53CA6F00B4806C /* PipDemo */,
				F755BC3E2E53C8EF00B4806C /* Products */,
			);
			sourceTree = "<group>";
		};
		F755BC3E2E53C8EF00B4806C /* Products */ = {
			isa = PBXGroup;
			children = (
				F755BC3D2E53C8EF00B4806C /* PipDemo.app */,
			);
			name = Products;
			sourceTree = "<group>";
		};
		F755BC542E53CA6F00B4806C /* PipDemo */ = {
			isa = PBXGroup;
			children = (
				F755BC582E53CA7800B4806C /* App */,
				F755BC612E53CAFE00B4806C /* ViewModels */,
				F755BC602E53CAE100B4806C /* Views */,
			);
			path = PipDemo;
			sourceTree = "<group>";
		};
		F755BC582E53CA7800B4806C /* App */ = {
			isa = PBXGroup;
			children = (
				F755BC532E53CA6F00B4806C /* PipDemoApp.swift */,
				F755BC512E53CA6F00B4806C /* Assets.xcassets */,
				F755BC592E53CA9F00B4806C /* Assets */,
			);
			name = App;
			sourceTree = "<group>";
		};
		F755BC592E53CA9F00B4806C /* Assets */ = {
			isa = PBXGroup;
			children = (
				F755BC5C2E53CACD00B4806C /* pexels-waves.mp4 */,
				F755BC5E2E53CAD500B4806C /* LoremIpsum.txt */,
			);
			path = Assets;
			sourceTree = "<group>";
		};
		F755BC602E53CAE100B4806C /* Views */ = {
			isa = PBXGroup;
			children = (
				F755BC522E53CA6F00B4806C /* ContentView.swift */,
			);
			path = Views;
			sourceTree = "<group>";
		};
		F755BC612E53CAFE00B4806C /* ViewModels */ = {
			isa = PBXGroup;
			children = (
				F755BC622E53CBFC00B4806C /* ViewModel.swift */,
			);
			path = ViewModels;
			sourceTree = "<group>";
		};
/* End PBXGroup section */

/* Begin PBXNativeTarget section */
		F755BC3C2E53C8EF00B4806C /* PipDemo */ = {
			isa = PBXNativeTarget;
			buildConfigurationList = F755BC482E53C8F400B4806C /* Build configuration list for PBXNativeTarget "PipDemo" */;
			buildPhases = (
				F755BC392E53C8EF00B4806C /* Sources */,
				F755BC3A2E53C8EF00B4806C /* Frameworks */,
				F755BC3B2E53C8EF00B4806C /* Resources */,
			);
			buildRules = (
			);
			dependencies = (
			);
			name = PipDemo;
			packageProductDependencies = (
			);
			productName = PipDemo;
			productReference = F755BC3D2E53C8EF00B4806C /* PipDemo.app */;
			productType = "com.apple.product-type.application";
		};
/* End PBXNativeTarget section */

/* Begin PBXProject section */
		F755BC352E53C8EF00B4806C /* Project object */ = {
			isa = PBXProject;
			attributes = {
				BuildIndependentTargetsInParallel = 1;
				LastSwiftUpdateCheck = 1640;
				LastUpgradeCheck = 1640;
				TargetAttributes = {
					F755BC3C2E53C8EF00B4806C = {
						CreatedOnToolsVersion = 16.4;
					};
				};
			};
			buildConfigurationList = F755BC382E53C8EF00B4806C /* Build configuration list for PBXProject "PipDemo" */;
			developmentRegion = en;
			hasScannedForEncodings = 0;
			knownRegions = (
				en,
				Base,
			);
			mainGroup = F755BC342E53C8EF00B4806C;
			minimizedProjectReferenceProxies = 1;
			preferredProjectObjectVersion = 77;
			productRefGroup = F755BC3E2E53C8EF00B4806C /* Products */;
			projectDirPath = "";
			projectRoot = "";
			targets = (
				F755BC3C2E53C8EF00B4806C /* PipDemo */,
			);
		};
/* End PBXProject section */

/* Begin PBXResourcesBuildPhase section */
		F755BC3B2E53C8EF00B4806C /* Resources */ = {
			isa = PBXResourcesBuildPhase;
			buildActionMask = 2147483647;
			files = (
				F755BC572E53CA6F00B4806C /* Assets.xcassets in Resources */,
				F755BC5F2E53CAD500B4806C /* LoremIpsum.txt in Resources */,
				F755BC5D2E53CACD00B4806C /* pexels-waves.mp4 in Resources */,
			);
			runOnlyForDeploymentPostprocessing = 0;
		};
/* End PBXResourcesBuildPhase section */

/* Begin PBXSourcesBuildPhase section */
		F755BC392E53C8EF00B4806C /* Sources */ = {
			isa = PBXSourcesBuildPhase;
			buildActionMask = 2147483647;
			files = (
				F755BC552E53CA6F00B4806C /* ContentView.swift in Sources */,
				F755BC632E53CBFC00B4806C /* ViewModel.swift in Sources */,
				F755BC562E53CA6F00B4806C /* PipDemoApp.swift in Sources */,
			);
			runOnlyForDeploymentPostprocessing = 0;
		};
/* End PBXSourcesBuildPhase section */

/* Begin XCBuildConfiguration section */
		F755BC462E53C8F400B4806C /* Debug */ = {
			isa = XCBuildConfiguration;
			buildSettings = {
				ALWAYS_SEARCH_USER_PATHS = NO;
				ASSETCATALOG_COMPILER_GENERATE_SWIFT_ASSET_SYMBOL_EXTENSIONS = YES;
				CLANG_ANALYZER_NONNULL = YES;
				CLANG_ANALYZER_NUMBER_OBJECT_CONVERSION = YES_AGGRESSIVE;
				CLANG_CXX_LANGUAGE_STANDARD = "gnu++20";
				CLANG_ENABLE_MODULES = YES;
				CLANG_ENABLE_OBJC_ARC = YES;
				CLANG_ENABLE_OBJC_WEAK = YES;
				CLANG_WARN_BLOCK_CAPTURE_AUTORELEASING = YES;
				CLANG_WARN_BOOL_CONVERSION = YES;
				CLANG_WARN_COMMA = YES;
				CLANG_WARN_CONSTANT_CONVERSION = YES;
				CLANG_WARN_DEPRECATED_OBJC_IMPLEMENTATIONS = YES;
				CLANG_WARN_DIRECT_OBJC_ISA_USAGE = YES_ERROR;
				CLANG_WARN_DOCUMENTATION_COMMENTS = YES;
				CLANG_WARN_EMPTY_BODY = YES;
				CLANG_WARN_ENUM_CONVERSION = YES;
				CLANG_WARN_INFINITE_RECURSION = YES;
				CLANG_WARN_INT_CONVERSION = YES;
				CLANG_WARN_NON_LITERAL_NULL_CONVERSION = YES;
				CLANG_WARN_OBJC_IMPLICIT_RETAIN_SELF = YES;
				CLANG_WARN_OBJC_LITERAL_CONVERSION = YES;
				CLANG_WARN_OBJC_ROOT_CLASS = YES_ERROR;
				CLANG_WARN_QUOTED_INCLUDE_IN_FRAMEWORK_HEADER = YES;
				CLANG_WARN_RANGE_LOOP_ANALYSIS = YES;
				CLANG_WARN_STRICT_PROTOTYPES = YES;
				CLANG_WARN_SUSPICIOUS_MOVE = YES;
				CLANG_WARN_UNGUARDED_AVAILABILITY = YES_AGGRESSIVE;
				CLANG_WARN_UNREACHABLE_CODE = YES;
				CLANG_WARN__DUPLICATE_METHOD_MATCH = YES;
				COPY_PHASE_STRIP = NO;
				DEBUG_INFORMATION_FORMAT = dwarf;
				DEVELOPMENT_TEAM = 85373584HZ;
				ENABLE_STRICT_OBJC_MSGSEND = YES;
				ENABLE_TESTABILITY = YES;
				ENABLE_USER_SCRIPT_SANDBOXING = YES;
				GCC_C_LANGUAGE_STANDARD = gnu17;
				GCC_DYNAMIC_NO_PIC = NO;
				GCC_NO_COMMON_BLOCKS = YES;
				GCC_OPTIMIZATION_LEVEL = 0;
				GCC_PREPROCESSOR_DEFINITIONS = (
					"DEBUG=1",
					"$(inherited)",
				);
				GCC_WARN_64_TO_32_BIT_CONVERSION = YES;
				GCC_WARN_ABOUT_RETURN_TYPE = YES_ERROR;
				GCC_WARN_UNDECLARED_SELECTOR = YES;
				GCC_WARN_UNINITIALIZED_AUTOS = YES_AGGRESSIVE;
				GCC_WARN_UNUSED_FUNCTION = YES;
				GCC_WARN_UNUSED_VARIABLE = YES;
				IPHONEOS_DEPLOYMENT_TARGET = 18.5;
				LOCALIZATION_PREFERS_STRING_CATALOGS = YES;
				MTL_ENABLE_DEBUG_INFO = INCLUDE_SOURCE;
				MTL_FAST_MATH = YES;
				ONLY_ACTIVE_ARCH = YES;
				SDKROOT = iphoneos;
				SWIFT_ACTIVE_COMPILATION_CONDITIONS = "DEBUG $(inherited)";
				SWIFT_OPTIMIZATION_LEVEL = "-Onone";
			};
			name = Debug;
		};
		F755BC472E53C8F400B4806C /* Release */ = {
			isa = XCBuildConfiguration;
			buildSettings = {
				ALWAYS_SEARCH_USER_PATHS = NO;
				ASSETCATALOG_COMPILER_GENERATE_SWIFT_ASSET_SYMBOL_EXTENSIONS = YES;
				CLANG_ANALYZER_NONNULL = YES;
				CLANG_ANALYZER_NUMBER_OBJECT_CONVERSION = YES_AGGRESSIVE;
				CLANG_CXX_LANGUAGE_STANDARD = "gnu++20";
				CLANG_ENABLE_MODULES = YES;
				CLANG_ENABLE_OBJC_ARC = YES;
				CLANG_ENABLE_OBJC_WEAK = YES;
				CLANG_WARN_BLOCK_CAPTURE_AUTORELEASING = YES;
				CLANG_WARN_BOOL_CONVERSION = YES;
				CLANG_WARN_COMMA = YES;
				CLANG_WARN_CONSTANT_CONVERSION = YES;
				CLANG_WARN_DEPRECATED_OBJC_IMPLEMENTATIONS = YES;
				CLANG_WARN_DIRECT_OBJC_ISA_USAGE = YES_ERROR;
				CLANG_WARN_DOCUMENTATION_COMMENTS = YES;
				CLANG_WARN_EMPTY_BODY = YES;
				CLANG_WARN_ENUM_CONVERSION = YES;
				CLANG_WARN_INFINITE_RECURSION = YES;
				CLANG_WARN_INT_CONVERSION = YES;
				CLANG_WARN_NON_LITERAL_NULL_CONVERSION = YES;
				CLANG_WARN_OBJC_IMPLICIT_RETAIN_SELF = YES;
				CLANG_WARN_OBJC_LITERAL_CONVERSION = YES;
				CLANG_WARN_OBJC_ROOT_CLASS = YES_ERROR;
				CLANG_WARN_QUOTED_INCLUDE_IN_FRAMEWORK_HEADER = YES;
				CLANG_WARN_RANGE_LOOP_ANALYSIS = YES;
				CLANG_WARN_STRICT_PROTOTYPES = YES;
				CLANG_WARN_SUSPICIOUS_MOVE = YES;
				CLANG_WARN_UNGUARDED_AVAILABILITY = YES_AGGRESSIVE;
				CLANG_WARN_UNREACHABLE_CODE = YES;
				CLANG_WARN__DUPLICATE_METHOD_MATCH = YES;
				COPY_PHASE_STRIP = NO;
				DEBUG_INFORMATION_FORMAT = "dwarf-with-dsym";
				DEVELOPMENT_TEAM = 85373584HZ;
				ENABLE_NS_ASSERTIONS = NO;
				ENABLE_STRICT_OBJC_MSGSEND = YES;
				ENABLE_USER_SCRIPT_SANDBOXING = YES;
				GCC_C_LANGUAGE_STANDARD = gnu17;
				GCC_NO_COMMON_BLOCKS = YES;
				GCC_WARN_64_TO_32_BIT_CONVERSION = YES;
				GCC_WARN_ABOUT_RETURN_TYPE = YES_ERROR;
				GCC_WARN_UNDECLARED_SELECTOR = YES;
				GCC_WARN_UNINITIALIZED_AUTOS = YES_AGGRESSIVE;
				GCC_WARN_UNUSED_FUNCTION = YES;
				GCC_WARN_UNUSED_VARIABLE = YES;
				IPHONEOS_DEPLOYMENT_TARGET = 18.5;
				LOCALIZATION_PREFERS_STRING_CATALOGS = YES;
				MTL_ENABLE_DEBUG_INFO = NO;
				MTL_FAST_MATH = YES;
				SDKROOT = iphoneos;
				SWIFT_COMPILATION_MODE = wholemodule;
				VALIDATE_PRODUCT = YES;
			};
			name = Release;
		};
		F755BC492E53C8F400B4806C /* Debug */ = {
			isa = XCBuildConfiguration;
			buildSettings = {
				ASSETCATALOG_COMPILER_APPICON_NAME = AppIcon;
				ASSETCATALOG_COMPILER_GLOBAL_ACCENT_COLOR_NAME = AccentColor;
				CODE_SIGN_STYLE = Automatic;
				CURRENT_PROJECT_VERSION = 1;
				DEVELOPMENT_TEAM = 85373584HZ;
				ENABLE_PREVIEWS = YES;
				GENERATE_INFOPLIST_FILE = YES;
				INFOPLIST_KEY_UIApplicationSceneManifest_Generation = YES;
				INFOPLIST_KEY_UIApplicationSupportsIndirectInputEvents = YES;
				INFOPLIST_KEY_UILaunchScreen_Generation = YES;
				INFOPLIST_KEY_UISupportedInterfaceOrientations_iPad = "UIInterfaceOrientationPortrait UIInterfaceOrientationPortraitUpsideDown UIInterfaceOrientationLandscapeLeft UIInterfaceOrientationLandscapeRight";
				INFOPLIST_KEY_UISupportedInterfaceOrientations_iPhone = "UIInterfaceOrientationPortrait UIInterfaceOrientationLandscapeLeft UIInterfaceOrientationLandscapeRight";
				LD_RUNPATH_SEARCH_PATHS = (
					"$(inherited)",
					"@executable_path/Frameworks",
				);
				MARKETING_VERSION = 1.0;
				PRODUCT_BUNDLE_IDENTIFIER = com.gokhanmutlu.example.PipDemo;
				PRODUCT_NAME = "$(TARGET_NAME)";
				SWIFT_EMIT_LOC_STRINGS = YES;
				SWIFT_VERSION = 5.0;
				TARGETED_DEVICE_FAMILY = "1,2";
			};
			name = Debug;
		};
		F755BC4A2E53C8F400B4806C /* Release */ = {
			isa = XCBuildConfiguration;
			buildSettings = {
				ASSETCATALOG_COMPILER_APPICON_NAME = AppIcon;
				ASSETCATALOG_COMPILER_GLOBAL_ACCENT_COLOR_NAME = AccentColor;
				CODE_SIGN_STYLE = Automatic;
				CURRENT_PROJECT_VERSION = 1;
				DEVELOPMENT_TEAM = 85373584HZ;
				ENABLE_PREVIEWS = YES;
				GENERATE_INFOPLIST_FILE = YES;
				INFOPLIST_KEY_UIApplicationSceneManifest_Generation = YES;
				INFOPLIST_KEY_UIApplicationSupportsIndirectInputEvents = YES;
				INFOPLIST_KEY_UILaunchScreen_Generation = YES;
				INFOPLIST_KEY_UISupportedInterfaceOrientations_iPad = "UIInterfaceOrientationPortrait UIInterfaceOrientationPortraitUpsideDown UIInterfaceOrientationLandscapeLeft UIInterfaceOrientationLandscapeRight";
				INFOPLIST_KEY_UISupportedInterfaceOrientations_iPhone = "UIInterfaceOrientationPortrait UIInterfaceOrientationLandscapeLeft UIInterfaceOrientationLandscapeRight";
				LD_RUNPATH_SEARCH_PATHS = (
					"$(inherited)",
					"@executable_path/Frameworks",
				);
				MARKETING_VERSION = 1.0;
				PRODUCT_BUNDLE_IDENTIFIER = com.gokhanmutlu.example.PipDemo;
				PRODUCT_NAME = "$(TARGET_NAME)";
				SWIFT_EMIT_LOC_STRINGS = YES;
				SWIFT_VERSION = 5.0;
				TARGETED_DEVICE_FAMILY = "1,2";
			};
			name = Release;
		};
/* End XCBuildConfiguration section */

/* Begin XCConfigurationList section */
		F755BC382E53C8EF00B4806C /* Build configuration list for PBXProject "PipDemo" */ = {
			isa = XCConfigurationList;
			buildConfigurations = (
				F755BC462E53C8F400B4806C /* Debug */,
				F755BC472E53C8F400B4806C /* Release */,
			);
			defaultConfigurationIsVisible = 0;
			defaultConfigurationName = Release;
		};
		F755BC482E53C8F400B4806C /* Build configuration list for PBXNativeTarget "PipDemo" */ = {
			isa = XCConfigurationList;
			buildConfigurations = (
				F755BC492E53C8F400B4806C /* Debug */,
				F755BC4A2E53C8F400B4806C /* Release */,
			);
			defaultConfigurationIsVisible = 0;
			defaultConfigurationName = Release;
		};
/* End XCConfigurationList section */
	};
	rootObject = F755BC352E53C8EF00B4806C /* Project object */;
}
